
Microsoft Visual Studio Solution File, Format Version 12.00
# Visual Studio Version 17
VisualStudioVersion = 17.2.32630.192
MinimumVisualStudioVersion = 10.0.40219.1
Project("{9A19103F-16F7-4668-BE54-9A1E7A4F7556}") = "Entities.Colmena.NuGet", "Entities\Entities.Colmena.NuGet.csproj", "{AD830E1E-ED63-4C4B-BC64-19C4F5D06E5E}"
EndProject
Global
	GlobalSection(SolutionConfigurationPlatforms) = preSolution
		Debug|Any CPU = Debug|Any CPU
		Release|Any CPU = Release|Any CPU
	EndGlobalSection
	GlobalSection(ProjectConfigurationPlatforms) = postSolution
		{AD830E1E-ED63-4C4B-BC64-19C4F5D06E5E}.Debug|Any CPU.ActiveCfg = Debug|Any CPU
		{AD830E1E-ED63-4C4B-BC64-19C4F5D06E5E}.Debug|Any CPU.Build.0 = Debug|Any CPU
		{AD830E1E-ED63-4C4B-BC64-19C4F5D06E5E}.Release|Any CPU.ActiveCfg = Release|Any CPU
		{AD830E1E-ED63-4C4B-BC64-19C4F5D06E5E}.Release|Any CPU.Build.0 = Release|Any CPU
	EndGlobalSection
	GlobalSection(SolutionProperties) = preSolution
		HideSolutionNode = FALSE
	EndGlobalSection
	GlobalSection(ExtensibilityGlobals) = postSolution
		SolutionGuid = {26317BBD-594F-4381-8AF3-AC0DCDB49F32}
	EndGlobalSection
EndGlobal
