
Microsoft Visual Studio Solution File, Format Version 12.00
# Visual Studio Version 17
VisualStudioVersion = 17.2.32630.192
MinimumVisualStudioVersion = 10.0.40219.1
Project("{2150E333-8FDC-42A3-9474-1A3956D46DE8}") = "1.Web", "1.Web", "{3357B5A4-AC85-4035-BFDE-0DFC3D46289F}"
EndProject
Project("{2150E333-8FDC-42A3-9474-1A3956D46DE8}") = "2.Business", "2.Business", "{9AE29A2B-D3F9-48CD-A4C7-F7985DDA287C}"
EndProject
Project("{2150E333-8FDC-42A3-9474-1A3956D46DE8}") = "3.Data", "3.Data", "{E90DC091-5363-40C8-A93D-391D2E30FDAE}"
EndProject
Project("{2150E333-8FDC-42A3-9474-1A3956D46DE8}") = "4.Transversal", "4.Transversal", "{43312629-0ACD-40BD-B428-516CB71970C9}"
EndProject
Project("{9A19103F-16F7-4668-BE54-9A1E7A4F7556}") = "Transversal.Entities.Colmena", "4.Transversal\Transversal.Entities.Colmena.csproj", "{C7FC02EE-80AA-4FFD-8D79-C2CA62A1664B}"
EndProject
Project("{9A19103F-16F7-4668-BE54-9A1E7A4F7556}") = "Colmena.API", "1.Web\Colmena.API.csproj", "{99C2B9A7-A0A3-47EF-9269-6C8C82B9C65F}"
EndProject
Project("{2150E333-8FDC-42A3-9474-1A3956D46DE8}") = "Users", "Users", "{BE2B8298-3ED0-4F44-AA31-80F960C9ECD2}"
EndProject
Project("{2150E333-8FDC-42A3-9474-1A3956D46DE8}") = "Users", "Users", "{D386E97C-D653-48DB-875F-C56C377A911C}"
EndProject
Project("{2150E333-8FDC-42A3-9474-1A3956D46DE8}") = "UserTypes", "UserTypes", "{99E18F15-CFF9-4063-9B7A-BC0A05AC599D}"
EndProject
Project("{9A19103F-16F7-4668-BE54-9A1E7A4F7556}") = "Data.Users.Colmena", "3.Data\Users\Data.Users.Colmena.csproj", "{891BB21A-E588-48FF-A68E-699BE9516014}"
EndProject
Project("{9A19103F-16F7-4668-BE54-9A1E7A4F7556}") = "Data.UserTypes.Colmena", "3.Data\UserTypes\Data.UserTypes.Colmena.csproj", "{0918D2CE-83D7-4126-A0E2-10FC5B583A55}"
EndProject
Project("{2150E333-8FDC-42A3-9474-1A3956D46DE8}") = "Products", "Products", "{850033CC-1565-45A1-8E4C-D613120FCB17}"
EndProject
Project("{9A19103F-16F7-4668-BE54-9A1E7A4F7556}") = "Data.Products.Colmena", "3.Data\Products\Data.Products.Colmena.csproj", "{742D6CBD-0798-4D30-9093-53E0530DE4E4}"
EndProject
Project("{2150E333-8FDC-42A3-9474-1A3956D46DE8}") = "Quotes", "Quotes", "{A3B5061C-C6D1-4FCB-B33E-69F0AD7A1681}"
EndProject
Project("{9A19103F-16F7-4668-BE54-9A1E7A4F7556}") = "Data.Quotes.Colmena", "3.Data\Quotes\Data.Quotes.Colmena.csproj", "{F9360672-7C69-464A-BA9D-A09E31726BE1}"
EndProject
Project("{9A19103F-16F7-4668-BE54-9A1E7A4F7556}") = "Business.Users.Colmena", "2.Business\Users\Business.Users.Colmena.csproj", "{F45E0C2A-AC54-404A-A21D-0812B086663A}"
EndProject
Project("{2150E333-8FDC-42A3-9474-1A3956D46DE8}") = "Quotes", "Quotes", "{DCA55E14-9ADB-4077-BEDF-286B442807AF}"
EndProject
Project("{9A19103F-16F7-4668-BE54-9A1E7A4F7556}") = "Business.Quotes.Colmena", "2.Business\Quotes\Business.Quotes.Colmena.csproj", "{9691B349-8204-452F-8743-333D4BAE7689}"
EndProject
Project("{2150E333-8FDC-42A3-9474-1A3956D46DE8}") = "Login", "Login", "{9BFE7BEB-CB62-47CB-B026-5F7AEE42C7F9}"
EndProject
Project("{9A19103F-16F7-4668-BE54-9A1E7A4F7556}") = "Data.Login.Colmena", "3.Data\Login\Data.Login.Colmena.csproj", "{7B4F443C-1C51-4DF7-98CD-F64333B6191D}"
EndProject
Project("{2150E333-8FDC-42A3-9474-1A3956D46DE8}") = "Login", "Login", "{08C6F8F3-495D-4886-BD5F-B1AC95F785C0}"
EndProject
Project("{9A19103F-16F7-4668-BE54-9A1E7A4F7556}") = "Business.Login.Colmena", "2.Business\Login\Business.Login.Colmena.csproj", "{62D858DC-9824-4188-9C4A-97746BE67D9E}"
EndProject
Global
	GlobalSection(SolutionConfigurationPlatforms) = preSolution
		Debug|Any CPU = Debug|Any CPU
		Release|Any CPU = Release|Any CPU
	EndGlobalSection
	GlobalSection(ProjectConfigurationPlatforms) = postSolution
		{C7FC02EE-80AA-4FFD-8D79-C2CA62A1664B}.Debug|Any CPU.ActiveCfg = Debug|Any CPU
		{C7FC02EE-80AA-4FFD-8D79-C2CA62A1664B}.Debug|Any CPU.Build.0 = Debug|Any CPU
		{C7FC02EE-80AA-4FFD-8D79-C2CA62A1664B}.Release|Any CPU.ActiveCfg = Release|Any CPU
		{C7FC02EE-80AA-4FFD-8D79-C2CA62A1664B}.Release|Any CPU.Build.0 = Release|Any CPU
		{99C2B9A7-A0A3-47EF-9269-6C8C82B9C65F}.Debug|Any CPU.ActiveCfg = Debug|Any CPU
		{99C2B9A7-A0A3-47EF-9269-6C8C82B9C65F}.Debug|Any CPU.Build.0 = Debug|Any CPU
		{99C2B9A7-A0A3-47EF-9269-6C8C82B9C65F}.Release|Any CPU.ActiveCfg = Release|Any CPU
		{99C2B9A7-A0A3-47EF-9269-6C8C82B9C65F}.Release|Any CPU.Build.0 = Release|Any CPU
		{891BB21A-E588-48FF-A68E-699BE9516014}.Debug|Any CPU.ActiveCfg = Debug|Any CPU
		{891BB21A-E588-48FF-A68E-699BE9516014}.Debug|Any CPU.Build.0 = Debug|Any CPU
		{891BB21A-E588-48FF-A68E-699BE9516014}.Release|Any CPU.ActiveCfg = Release|Any CPU
		{891BB21A-E588-48FF-A68E-699BE9516014}.Release|Any CPU.Build.0 = Release|Any CPU
		{0918D2CE-83D7-4126-A0E2-10FC5B583A55}.Debug|Any CPU.ActiveCfg = Debug|Any CPU
		{0918D2CE-83D7-4126-A0E2-10FC5B583A55}.Debug|Any CPU.Build.0 = Debug|Any CPU
		{0918D2CE-83D7-4126-A0E2-10FC5B583A55}.Release|Any CPU.ActiveCfg = Release|Any CPU
		{0918D2CE-83D7-4126-A0E2-10FC5B583A55}.Release|Any CPU.Build.0 = Release|Any CPU
		{742D6CBD-0798-4D30-9093-53E0530DE4E4}.Debug|Any CPU.ActiveCfg = Debug|Any CPU
		{742D6CBD-0798-4D30-9093-53E0530DE4E4}.Debug|Any CPU.Build.0 = Debug|Any CPU
		{742D6CBD-0798-4D30-9093-53E0530DE4E4}.Release|Any CPU.ActiveCfg = Release|Any CPU
		{742D6CBD-0798-4D30-9093-53E0530DE4E4}.Release|Any CPU.Build.0 = Release|Any CPU
		{F9360672-7C69-464A-BA9D-A09E31726BE1}.Debug|Any CPU.ActiveCfg = Debug|Any CPU
		{F9360672-7C69-464A-BA9D-A09E31726BE1}.Debug|Any CPU.Build.0 = Debug|Any CPU
		{F9360672-7C69-464A-BA9D-A09E31726BE1}.Release|Any CPU.ActiveCfg = Release|Any CPU
		{F9360672-7C69-464A-BA9D-A09E31726BE1}.Release|Any CPU.Build.0 = Release|Any CPU
		{F45E0C2A-AC54-404A-A21D-0812B086663A}.Debug|Any CPU.ActiveCfg = Debug|Any CPU
		{F45E0C2A-AC54-404A-A21D-0812B086663A}.Debug|Any CPU.Build.0 = Debug|Any CPU
		{F45E0C2A-AC54-404A-A21D-0812B086663A}.Release|Any CPU.ActiveCfg = Release|Any CPU
		{F45E0C2A-AC54-404A-A21D-0812B086663A}.Release|Any CPU.Build.0 = Release|Any CPU
		{9691B349-8204-452F-8743-333D4BAE7689}.Debug|Any CPU.ActiveCfg = Debug|Any CPU
		{9691B349-8204-452F-8743-333D4BAE7689}.Debug|Any CPU.Build.0 = Debug|Any CPU
		{9691B349-8204-452F-8743-333D4BAE7689}.Release|Any CPU.ActiveCfg = Release|Any CPU
		{9691B349-8204-452F-8743-333D4BAE7689}.Release|Any CPU.Build.0 = Release|Any CPU
		{7B4F443C-1C51-4DF7-98CD-F64333B6191D}.Debug|Any CPU.ActiveCfg = Debug|Any CPU
		{7B4F443C-1C51-4DF7-98CD-F64333B6191D}.Debug|Any CPU.Build.0 = Debug|Any CPU
		{7B4F443C-1C51-4DF7-98CD-F64333B6191D}.Release|Any CPU.ActiveCfg = Release|Any CPU
		{7B4F443C-1C51-4DF7-98CD-F64333B6191D}.Release|Any CPU.Build.0 = Release|Any CPU
		{62D858DC-9824-4188-9C4A-97746BE67D9E}.Debug|Any CPU.ActiveCfg = Debug|Any CPU
		{62D858DC-9824-4188-9C4A-97746BE67D9E}.Debug|Any CPU.Build.0 = Debug|Any CPU
		{62D858DC-9824-4188-9C4A-97746BE67D9E}.Release|Any CPU.ActiveCfg = Release|Any CPU
		{62D858DC-9824-4188-9C4A-97746BE67D9E}.Release|Any CPU.Build.0 = Release|Any CPU
	EndGlobalSection
	GlobalSection(SolutionProperties) = preSolution
		HideSolutionNode = FALSE
	EndGlobalSection
	GlobalSection(NestedProjects) = preSolution
		{C7FC02EE-80AA-4FFD-8D79-C2CA62A1664B} = {43312629-0ACD-40BD-B428-516CB71970C9}
		{99C2B9A7-A0A3-47EF-9269-6C8C82B9C65F} = {3357B5A4-AC85-4035-BFDE-0DFC3D46289F}
		{BE2B8298-3ED0-4F44-AA31-80F960C9ECD2} = {E90DC091-5363-40C8-A93D-391D2E30FDAE}
		{D386E97C-D653-48DB-875F-C56C377A911C} = {9AE29A2B-D3F9-48CD-A4C7-F7985DDA287C}
		{99E18F15-CFF9-4063-9B7A-BC0A05AC599D} = {E90DC091-5363-40C8-A93D-391D2E30FDAE}
		{891BB21A-E588-48FF-A68E-699BE9516014} = {BE2B8298-3ED0-4F44-AA31-80F960C9ECD2}
		{0918D2CE-83D7-4126-A0E2-10FC5B583A55} = {99E18F15-CFF9-4063-9B7A-BC0A05AC599D}
		{850033CC-1565-45A1-8E4C-D613120FCB17} = {E90DC091-5363-40C8-A93D-391D2E30FDAE}
		{742D6CBD-0798-4D30-9093-53E0530DE4E4} = {850033CC-1565-45A1-8E4C-D613120FCB17}
		{A3B5061C-C6D1-4FCB-B33E-69F0AD7A1681} = {E90DC091-5363-40C8-A93D-391D2E30FDAE}
		{F9360672-7C69-464A-BA9D-A09E31726BE1} = {A3B5061C-C6D1-4FCB-B33E-69F0AD7A1681}
		{F45E0C2A-AC54-404A-A21D-0812B086663A} = {D386E97C-D653-48DB-875F-C56C377A911C}
		{DCA55E14-9ADB-4077-BEDF-286B442807AF} = {9AE29A2B-D3F9-48CD-A4C7-F7985DDA287C}
		{9691B349-8204-452F-8743-333D4BAE7689} = {DCA55E14-9ADB-4077-BEDF-286B442807AF}
		{9BFE7BEB-CB62-47CB-B026-5F7AEE42C7F9} = {E90DC091-5363-40C8-A93D-391D2E30FDAE}
		{7B4F443C-1C51-4DF7-98CD-F64333B6191D} = {9BFE7BEB-CB62-47CB-B026-5F7AEE42C7F9}
		{08C6F8F3-495D-4886-BD5F-B1AC95F785C0} = {9AE29A2B-D3F9-48CD-A4C7-F7985DDA287C}
		{62D858DC-9824-4188-9C4A-97746BE67D9E} = {08C6F8F3-495D-4886-BD5F-B1AC95F785C0}
	EndGlobalSection
	GlobalSection(ExtensibilityGlobals) = postSolution
		SolutionGuid = {8D9D88F4-487E-4EB6-A882-5374471C1577}
	EndGlobalSection
EndGlobal
